
Microsoft Visual Studio Solution File, Format Version 12.00
# Visual Studio Version 17
VisualStudioVersion = 17.5.002.0
MinimumVisualStudioVersion = 10.0.40219.1
Project("{9A19103F-16F7-4668-BE54-9A1E7A4F7556}") = "AdventOfCode", "AdventOfCode.csproj", "{3268A5B5-7439-4550-A158-369B83DAEA3E}"
EndProject
Global
	GlobalSection(SolutionConfigurationPlatforms) = preSolution
		Debug|Any CPU = Debug|Any CPU
		Release|Any CPU = Release|Any CPU
	EndGlobalSection
	GlobalSection(ProjectConfigurationPlatforms) = postSolution
		{3268A5B5-7439-4550-A158-369B83DAEA3E}.Debug|Any CPU.ActiveCfg = Debug|Any CPU
		{3268A5B5-7439-4550-A158-369B83DAEA3E}.Debug|Any CPU.Build.0 = Debug|Any CPU
		{3268A5B5-7439-4550-A158-369B83DAEA3E}.Release|Any CPU.ActiveCfg = Release|Any CPU
		{3268A5B5-7439-4550-A158-369B83DAEA3E}.Release|Any CPU.Build.0 = Release|Any CPU
	EndGlobalSection
	GlobalSection(SolutionProperties) = preSolution
		HideSolutionNode = FALSE
	EndGlobalSection
	GlobalSection(ExtensibilityGlobals) = postSolution
		SolutionGuid = {AF751B17-E85B-46A3-9652-23B3F4A12609}
	EndGlobalSection
EndGlobal
